
Microsoft Visual Studio Solution File, Format Version 12.00
# Visual Studio Version 17
VisualStudioVersion = 17.0.31903.59
MinimumVisualStudioVersion = 10.0.40219.1
Project("{2150E333-8FDC-42A3-9474-1A3956D46DE8}") = "src", "src", "{827E0CD3-B72D-47B6-A68D-7590B98EB39B}"
EndProject
Project("{FAE04EC0-301F-11D3-BF4B-00C04F79EFBC}") = "ImpellerSharp.Interop", "src\ImpellerSharp.Interop\ImpellerSharp.Interop.csproj", "{0890C868-0E75-4197-A9B1-B75193D75119}"
EndProject
Project("{FAE04EC0-301F-11D3-BF4B-00C04F79EFBC}") = "ImpellerSharp.Native", "src\ImpellerSharp.Native\ImpellerSharp.Native.csproj", "{80A5C270-966D-4A36-8F09-01F2CFE32B5B}"
EndProject
Project("{FAE04EC0-301F-11D3-BF4B-00C04F79EFBC}") = "ImpellerSharp.Avalonia", "src\ImpellerSharp.Avalonia\ImpellerSharp.Avalonia.csproj", "{6B1C0A4D-44B3-4D0A-BBE1-23C5B8FC9E5E}"
EndProject
Project("{FAE04EC0-301F-11D3-BF4B-00C04F79EFBC}") = "ImpellerSharp.Avalonia.Mac", "src\ImpellerSharp.Avalonia.Mac\ImpellerSharp.Avalonia.Mac.csproj", "{3E96F671-2E43-42A0-A1E2-6B025795AE8C}"
EndProject
Project("{FAE04EC0-301F-11D3-BF4B-00C04F79EFBC}") = "ImpellerSharp.Avalonia.Windows", "src\ImpellerSharp.Avalonia.Windows\ImpellerSharp.Avalonia.Windows.csproj", "{7F2400C7-99B2-4CBF-8FD5-7C34464E3BDA}"
EndProject
Project("{FAE04EC0-301F-11D3-BF4B-00C04F79EFBC}") = "ImpellerSharp.Avalonia.Linux", "src\ImpellerSharp.Avalonia.Linux\ImpellerSharp.Avalonia.Linux.csproj", "{F6C7F5B1-7E4E-42AF-AD24-87E63224A702}"
EndProject
Project("{2150E333-8FDC-42A3-9474-1A3956D46DE8}") = "samples", "samples", "{5D20AA90-6969-D8BD-9DCD-8634F4692FDA}"
EndProject
Project("{FAE04EC0-301F-11D3-BF4B-00C04F79EFBC}") = "AvaloniaImpellerApp", "samples\AvaloniaImpellerApp\AvaloniaImpellerApp.csproj", "{CD8DC448-CC62-455C-87F6-5EB89CB45BAD}"
EndProject
Global
	GlobalSection(SolutionConfigurationPlatforms) = preSolution
		Debug|Any CPU = Debug|Any CPU
		Debug|x64 = Debug|x64
		Debug|x86 = Debug|x86
		Release|Any CPU = Release|Any CPU
		Release|x64 = Release|x64
		Release|x86 = Release|x86
	EndGlobalSection
	GlobalSection(ProjectConfigurationPlatforms) = postSolution
		{0890C868-0E75-4197-A9B1-B75193D75119}.Debug|Any CPU.ActiveCfg = Debug|Any CPU
		{0890C868-0E75-4197-A9B1-B75193D75119}.Debug|Any CPU.Build.0 = Debug|Any CPU
		{0890C868-0E75-4197-A9B1-B75193D75119}.Debug|x64.ActiveCfg = Debug|Any CPU
		{0890C868-0E75-4197-A9B1-B75193D75119}.Debug|x64.Build.0 = Debug|Any CPU
		{0890C868-0E75-4197-A9B1-B75193D75119}.Debug|x86.ActiveCfg = Debug|Any CPU
		{0890C868-0E75-4197-A9B1-B75193D75119}.Debug|x86.Build.0 = Debug|Any CPU
		{0890C868-0E75-4197-A9B1-B75193D75119}.Release|Any CPU.ActiveCfg = Release|Any CPU
		{0890C868-0E75-4197-A9B1-B75193D75119}.Release|Any CPU.Build.0 = Release|Any CPU
		{0890C868-0E75-4197-A9B1-B75193D75119}.Release|x64.ActiveCfg = Release|Any CPU
		{0890C868-0E75-4197-A9B1-B75193D75119}.Release|x64.Build.0 = Release|Any CPU
		{0890C868-0E75-4197-A9B1-B75193D75119}.Release|x86.ActiveCfg = Release|Any CPU
		{0890C868-0E75-4197-A9B1-B75193D75119}.Release|x86.Build.0 = Release|Any CPU
		{6B1C0A4D-44B3-4D0A-BBE1-23C5B8FC9E5E}.Debug|Any CPU.ActiveCfg = Debug|Any CPU
		{6B1C0A4D-44B3-4D0A-BBE1-23C5B8FC9E5E}.Debug|Any CPU.Build.0 = Debug|Any CPU
		{6B1C0A4D-44B3-4D0A-BBE1-23C5B8FC9E5E}.Debug|x64.ActiveCfg = Debug|Any CPU
		{6B1C0A4D-44B3-4D0A-BBE1-23C5B8FC9E5E}.Debug|x64.Build.0 = Debug|Any CPU
		{6B1C0A4D-44B3-4D0A-BBE1-23C5B8FC9E5E}.Debug|x86.ActiveCfg = Debug|Any CPU
		{6B1C0A4D-44B3-4D0A-BBE1-23C5B8FC9E5E}.Debug|x86.Build.0 = Debug|Any CPU
		{6B1C0A4D-44B3-4D0A-BBE1-23C5B8FC9E5E}.Release|Any CPU.ActiveCfg = Release|Any CPU
		{6B1C0A4D-44B3-4D0A-BBE1-23C5B8FC9E5E}.Release|Any CPU.Build.0 = Release|Any CPU
		{6B1C0A4D-44B3-4D0A-BBE1-23C5B8FC9E5E}.Release|x64.ActiveCfg = Release|Any CPU
		{6B1C0A4D-44B3-4D0A-BBE1-23C5B8FC9E5E}.Release|x64.Build.0 = Release|Any CPU
		{6B1C0A4D-44B3-4D0A-BBE1-23C5B8FC9E5E}.Release|x86.ActiveCfg = Release|Any CPU
		{6B1C0A4D-44B3-4D0A-BBE1-23C5B8FC9E5E}.Release|x86.Build.0 = Release|Any CPU
		{3E96F671-2E43-42A0-A1E2-6B025795AE8C}.Debug|Any CPU.ActiveCfg = Debug|Any CPU
		{3E96F671-2E43-42A0-A1E2-6B025795AE8C}.Debug|Any CPU.Build.0 = Debug|Any CPU
		{3E96F671-2E43-42A0-A1E2-6B025795AE8C}.Debug|x64.ActiveCfg = Debug|Any CPU
		{3E96F671-2E43-42A0-A1E2-6B025795AE8C}.Debug|x64.Build.0 = Debug|Any CPU
		{3E96F671-2E43-42A0-A1E2-6B025795AE8C}.Debug|x86.ActiveCfg = Debug|Any CPU
		{3E96F671-2E43-42A0-A1E2-6B025795AE8C}.Debug|x86.Build.0 = Debug|Any CPU
		{3E96F671-2E43-42A0-A1E2-6B025795AE8C}.Release|Any CPU.ActiveCfg = Release|Any CPU
		{3E96F671-2E43-42A0-A1E2-6B025795AE8C}.Release|Any CPU.Build.0 = Release|Any CPU
		{3E96F671-2E43-42A0-A1E2-6B025795AE8C}.Release|x64.ActiveCfg = Release|Any CPU
		{3E96F671-2E43-42A0-A1E2-6B025795AE8C}.Release|x64.Build.0 = Release|Any CPU
		{3E96F671-2E43-42A0-A1E2-6B025795AE8C}.Release|x86.ActiveCfg = Release|Any CPU
		{3E96F671-2E43-42A0-A1E2-6B025795AE8C}.Release|x86.Build.0 = Release|Any CPU
		{7F2400C7-99B2-4CBF-8FD5-7C34464E3BDA}.Debug|Any CPU.ActiveCfg = Debug|Any CPU
		{7F2400C7-99B2-4CBF-8FD5-7C34464E3BDA}.Debug|Any CPU.Build.0 = Debug|Any CPU
		{7F2400C7-99B2-4CBF-8FD5-7C34464E3BDA}.Debug|x64.ActiveCfg = Debug|Any CPU
		{7F2400C7-99B2-4CBF-8FD5-7C34464E3BDA}.Debug|x64.Build.0 = Debug|Any CPU
		{7F2400C7-99B2-4CBF-8FD5-7C34464E3BDA}.Debug|x86.ActiveCfg = Debug|Any CPU
        {7F2400C7-99B2-4CBF-8FD5-7C34464E3BDA}.Debug|x86.Build.0 = Debug|Any CPU
		{7F2400C7-99B2-4CBF-8FD5-7C34464E3BDA}.Release|Any CPU.ActiveCfg = Release|Any CPU
		{7F2400C7-99B2-4CBF-8FD5-7C34464E3BDA}.Release|Any CPU.Build.0 = Release|Any CPU
		{7F2400C7-99B2-4CBF-8FD5-7C34464E3BDA}.Release|x64.ActiveCfg = Release|Any CPU
		{7F2400C7-99B2-4CBF-8FD5-7C34464E3BDA}.Release|x64.Build.0 = Release|Any CPU
		{7F2400C7-99B2-4CBF-8FD5-7C34464E3BDA}.Release|x86.ActiveCfg = Release|Any CPU
		{7F2400C7-99B2-4CBF-8FD5-7C34464E3BDA}.Release|x86.Build.0 = Release|Any CPU
		{F6C7F5B1-7E4E-42AF-AD24-87E63224A702}.Debug|Any CPU.ActiveCfg = Debug|Any CPU
		{F6C7F5B1-7E4E-42AF-AD24-87E63224A702}.Debug|Any CPU.Build.0 = Debug|Any CPU
		{F6C7F5B1-7E4E-42AF-AD24-87E63224A702}.Debug|x64.ActiveCfg = Debug|Any CPU
		{F6C7F5B1-7E4E-42AF-AD24-87E63224A702}.Debug|x64.Build.0 = Debug|Any CPU
		{F6C7F5B1-7E4E-42AF-AD24-87E63224A702}.Debug|x86.ActiveCfg = Debug|Any CPU
		{F6C7F5B1-7E4E-42AF-AD24-87E63224A702}.Debug|x86.Build.0 = Debug|Any CPU
		{F6C7F5B1-7E4E-42AF-AD24-87E63224A702}.Release|Any CPU.ActiveCfg = Release|Any CPU
		{F6C7F5B1-7E4E-42AF-AD24-87E63224A702}.Release|Any CPU.Build.0 = Release|Any CPU
		{F6C7F5B1-7E4E-42AF-AD24-87E63224A702}.Release|x64.ActiveCfg = Release|Any CPU
		{F6C7F5B1-7E4E-42AF-AD24-87E63224A702}.Release|x64.Build.0 = Release|Any CPU
		{F6C7F5B1-7E4E-42AF-AD24-87E63224A702}.Release|x86.ActiveCfg = Release|Any CPU
		{F6C7F5B1-7E4E-42AF-AD24-87E63224A702}.Release|x86.Build.0 = Release|Any CPU
		{80A5C270-966D-4A36-8F09-01F2CFE32B5B}.Debug|Any CPU.ActiveCfg = Debug|Any CPU
		{80A5C270-966D-4A36-8F09-01F2CFE32B5B}.Debug|Any CPU.Build.0 = Debug|Any CPU
		{80A5C270-966D-4A36-8F09-01F2CFE32B5B}.Debug|x64.ActiveCfg = Debug|Any CPU
		{80A5C270-966D-4A36-8F09-01F2CFE32B5B}.Debug|x64.Build.0 = Debug|Any CPU
		{80A5C270-966D-4A36-8F09-01F2CFE32B5B}.Debug|x86.ActiveCfg = Debug|Any CPU
		{80A5C270-966D-4A36-8F09-01F2CFE32B5B}.Debug|x86.Build.0 = Debug|Any CPU
		{80A5C270-966D-4A36-8F09-01F2CFE32B5B}.Release|Any CPU.ActiveCfg = Release|Any CPU
		{80A5C270-966D-4A36-8F09-01F2CFE32B5B}.Release|Any CPU.Build.0 = Release|Any CPU
		{80A5C270-966D-4A36-8F09-01F2CFE32B5B}.Release|x64.ActiveCfg = Release|Any CPU
		{80A5C270-966D-4A36-8F09-01F2CFE32B5B}.Release|x64.Build.0 = Release|Any CPU
		{80A5C270-966D-4A36-8F09-01F2CFE32B5B}.Release|x86.ActiveCfg = Release|Any CPU
		{80A5C270-966D-4A36-8F09-01F2CFE32B5B}.Release|x86.Build.0 = Release|Any CPU
		{CD8DC448-CC62-455C-87F6-5EB89CB45BAD}.Debug|Any CPU.ActiveCfg = Debug|Any CPU
		{CD8DC448-CC62-455C-87F6-5EB89CB45BAD}.Debug|Any CPU.Build.0 = Debug|Any CPU
		{CD8DC448-CC62-455C-87F6-5EB89CB45BAD}.Debug|x64.ActiveCfg = Debug|Any CPU
		{CD8DC448-CC62-455C-87F6-5EB89CB45BAD}.Debug|x64.Build.0 = Debug|Any CPU
		{CD8DC448-CC62-455C-87F6-5EB89CB45BAD}.Debug|x86.ActiveCfg = Debug|Any CPU
		{CD8DC448-CC62-455C-87F6-5EB89CB45BAD}.Debug|x86.Build.0 = Debug|Any CPU
		{CD8DC448-CC62-455C-87F6-5EB89CB45BAD}.Release|Any CPU.ActiveCfg = Release|Any CPU
		{CD8DC448-CC62-455C-87F6-5EB89CB45BAD}.Release|Any CPU.Build.0 = Release|Any CPU
		{CD8DC448-CC62-455C-87F6-5EB89CB45BAD}.Release|x64.ActiveCfg = Release|Any CPU
		{CD8DC448-CC62-455C-87F6-5EB89CB45BAD}.Release|x64.Build.0 = Release|Any CPU
		{CD8DC448-CC62-455C-87F6-5EB89CB45BAD}.Release|x86.ActiveCfg = Release|Any CPU
		{CD8DC448-CC62-455C-87F6-5EB89CB45BAD}.Release|x86.Build.0 = Release|Any CPU
	EndGlobalSection
	GlobalSection(SolutionProperties) = preSolution
		HideSolutionNode = FALSE
	EndGlobalSection
	GlobalSection(NestedProjects) = preSolution
		{0890C868-0E75-4197-A9B1-B75193D75119} = {827E0CD3-B72D-47B6-A68D-7590B98EB39B}
		{80A5C270-966D-4A36-8F09-01F2CFE32B5B} = {827E0CD3-B72D-47B6-A68D-7590B98EB39B}
		{6B1C0A4D-44B3-4D0A-BBE1-23C5B8FC9E5E} = {827E0CD3-B72D-47B6-A68D-7590B98EB39B}
		{3E96F671-2E43-42A0-A1E2-6B025795AE8C} = {827E0CD3-B72D-47B6-A68D-7590B98EB39B}
		{7F2400C7-99B2-4CBF-8FD5-7C34464E3BDA} = {827E0CD3-B72D-47B6-A68D-7590B98EB39B}
		{F6C7F5B1-7E4E-42AF-AD24-87E63224A702} = {827E0CD3-B72D-47B6-A68D-7590B98EB39B}
		{CD8DC448-CC62-455C-87F6-5EB89CB45BAD} = {5D20AA90-6969-D8BD-9DCD-8634F4692FDA}
	EndGlobalSection
EndGlobal
